
Microsoft Visual Studio Solution File, Format Version 12.00
# Visual Studio 2015
Project("{FAE04EC0-301F-11D3-BF4B-00C04F79EFBC}") = "FNaF13DS - kopie", "FNaF13DS - kopie.csproj", "{0D344049-FE98-AD00-D692-385188A72876}"
EndProject
Global
	GlobalSection(SolutionConfigurationPlatforms) = preSolution
		Debug|Any CPU = Debug|Any CPU
		Release|Any CPU = Release|Any CPU
	EndGlobalSection
	GlobalSection(ProjectConfigurationPlatforms) = postSolution
		{0D344049-FE98-AD00-D692-385188A72876}.Debug|Any CPU.ActiveCfg = Debug|Any CPU
		{0D344049-FE98-AD00-D692-385188A72876}.Debug|Any CPU.Build.0 = Debug|Any CPU
		{0D344049-FE98-AD00-D692-385188A72876}.Release|Any CPU.ActiveCfg = Release|Any CPU
		{0D344049-FE98-AD00-D692-385188A72876}.Release|Any CPU.Build.0 = Release|Any CPU
	EndGlobalSection
	GlobalSection(SolutionProperties) = preSolution
		HideSolutionNode = FALSE
	EndGlobalSection
EndGlobal
